
Microsoft Visual Studio Solution File, Format Version 12.00
# Visual Studio Version 16
VisualStudioVersion = 16.0.31129.286
MinimumVisualStudioVersion = 10.0.40219.1
Project("{8BC9CEB8-8B4A-11D0-8D11-00A0C91BC942}") = "20210512", "20210512.vcxproj", "{AD53F0AA-4BA1-49E3-90B8-950B8F51D76F}"
EndProject
Global
	GlobalSection(SolutionConfigurationPlatforms) = preSolution
		Debug|x64 = Debug|x64
		Debug|x86 = Debug|x86
		Release|x64 = Release|x64
		Release|x86 = Release|x86
	EndGlobalSection
	GlobalSection(ProjectConfigurationPlatforms) = postSolution
		{AD53F0AA-4BA1-49E3-90B8-950B8F51D76F}.Debug|x64.ActiveCfg = Debug|x64
		{AD53F0AA-4BA1-49E3-90B8-950B8F51D76F}.Debug|x64.Build.0 = Debug|x64
		{AD53F0AA-4BA1-49E3-90B8-950B8F51D76F}.Debug|x86.ActiveCfg = Debug|Win32
		{AD53F0AA-4BA1-49E3-90B8-950B8F51D76F}.Debug|x86.Build.0 = Debug|Win32
		{AD53F0AA-4BA1-49E3-90B8-950B8F51D76F}.Release|x64.ActiveCfg = Release|x64
		{AD53F0AA-4BA1-49E3-90B8-950B8F51D76F}.Release|x64.Build.0 = Release|x64
		{AD53F0AA-4BA1-49E3-90B8-950B8F51D76F}.Release|x86.ActiveCfg = Release|Win32
		{AD53F0AA-4BA1-49E3-90B8-950B8F51D76F}.Release|x86.Build.0 = Release|Win32
	EndGlobalSection
	GlobalSection(SolutionProperties) = preSolution
		HideSolutionNode = FALSE
	EndGlobalSection
	GlobalSection(ExtensibilityGlobals) = postSolution
		SolutionGuid = {9E5CCDF5-1207-427E-95EA-5B25972AD2A9}
	EndGlobalSection
EndGlobal
