
Microsoft Visual Studio Solution File, Format Version 12.00
# Visual Studio Version 16
VisualStudioVersion = 16.0.31129.286
MinimumVisualStudioVersion = 10.0.40219.1
Project("{8BC9CEB8-8B4A-11D0-8D11-00A0C91BC942}") = "20210423", "20210423.vcxproj", "{12869B1F-9EFA-4438-9924-B01DFB833BD7}"
EndProject
Global
	GlobalSection(SolutionConfigurationPlatforms) = preSolution
		Debug|x64 = Debug|x64
		Debug|x86 = Debug|x86
		Release|x64 = Release|x64
		Release|x86 = Release|x86
	EndGlobalSection
	GlobalSection(ProjectConfigurationPlatforms) = postSolution
		{12869B1F-9EFA-4438-9924-B01DFB833BD7}.Debug|x64.ActiveCfg = Debug|x64
		{12869B1F-9EFA-4438-9924-B01DFB833BD7}.Debug|x64.Build.0 = Debug|x64
		{12869B1F-9EFA-4438-9924-B01DFB833BD7}.Debug|x86.ActiveCfg = Debug|Win32
		{12869B1F-9EFA-4438-9924-B01DFB833BD7}.Debug|x86.Build.0 = Debug|Win32
		{12869B1F-9EFA-4438-9924-B01DFB833BD7}.Release|x64.ActiveCfg = Release|x64
		{12869B1F-9EFA-4438-9924-B01DFB833BD7}.Release|x64.Build.0 = Release|x64
		{12869B1F-9EFA-4438-9924-B01DFB833BD7}.Release|x86.ActiveCfg = Release|Win32
		{12869B1F-9EFA-4438-9924-B01DFB833BD7}.Release|x86.Build.0 = Release|Win32
	EndGlobalSection
	GlobalSection(SolutionProperties) = preSolution
		HideSolutionNode = FALSE
	EndGlobalSection
	GlobalSection(ExtensibilityGlobals) = postSolution
		SolutionGuid = {BDC42E76-21BE-4B72-8864-D7C764F17E47}
	EndGlobalSection
EndGlobal
