
Microsoft Visual Studio Solution File, Format Version 12.00
# Visual Studio Version 16
VisualStudioVersion = 16.0.31129.286
MinimumVisualStudioVersion = 10.0.40219.1
Project("{8BC9CEB8-8B4A-11D0-8D11-00A0C91BC942}") = "20210530", "20210530.vcxproj", "{BD3B55E0-4368-4BD5-AA74-AA6B88FEA979}"
EndProject
Global
	GlobalSection(SolutionConfigurationPlatforms) = preSolution
		Debug|x64 = Debug|x64
		Debug|x86 = Debug|x86
		Release|x64 = Release|x64
		Release|x86 = Release|x86
	EndGlobalSection
	GlobalSection(ProjectConfigurationPlatforms) = postSolution
		{BD3B55E0-4368-4BD5-AA74-AA6B88FEA979}.Debug|x64.ActiveCfg = Debug|x64
		{BD3B55E0-4368-4BD5-AA74-AA6B88FEA979}.Debug|x64.Build.0 = Debug|x64
		{BD3B55E0-4368-4BD5-AA74-AA6B88FEA979}.Debug|x86.ActiveCfg = Debug|Win32
		{BD3B55E0-4368-4BD5-AA74-AA6B88FEA979}.Debug|x86.Build.0 = Debug|Win32
		{BD3B55E0-4368-4BD5-AA74-AA6B88FEA979}.Release|x64.ActiveCfg = Release|x64
		{BD3B55E0-4368-4BD5-AA74-AA6B88FEA979}.Release|x64.Build.0 = Release|x64
		{BD3B55E0-4368-4BD5-AA74-AA6B88FEA979}.Release|x86.ActiveCfg = Release|Win32
		{BD3B55E0-4368-4BD5-AA74-AA6B88FEA979}.Release|x86.Build.0 = Release|Win32
	EndGlobalSection
	GlobalSection(SolutionProperties) = preSolution
		HideSolutionNode = FALSE
	EndGlobalSection
	GlobalSection(ExtensibilityGlobals) = postSolution
		SolutionGuid = {DC3AA53E-91A7-41A3-9FAE-F6EEB504CEFA}
	EndGlobalSection
EndGlobal
